
Microsoft Visual Studio Solution File, Format Version 12.00
# Visual Studio Version 17
VisualStudioVersion = 17.2.32630.192
MinimumVisualStudioVersion = 10.0.40219.1
Project("{FAE04EC0-301F-11D3-BF4B-00C04F79EFBC}") = "myGui", "myGui\myGui.csproj", "{0CADA5C7-4F7E-406F-AD27-93638F0A4B98}"
EndProject
Project("{FAE04EC0-301F-11D3-BF4B-00C04F79EFBC}") = "Example", "Example\Example.csproj", "{EE4C6506-5A0B-4807-8744-EB906F3A1CD0}"
EndProject
Global
	GlobalSection(SolutionConfigurationPlatforms) = preSolution
		Debug|Any CPU = Debug|Any CPU
		Release|Any CPU = Release|Any CPU
	EndGlobalSection
	GlobalSection(ProjectConfigurationPlatforms) = postSolution
		{0CADA5C7-4F7E-406F-AD27-93638F0A4B98}.Debug|Any CPU.ActiveCfg = Debug|Any CPU
		{0CADA5C7-4F7E-406F-AD27-93638F0A4B98}.Debug|Any CPU.Build.0 = Debug|Any CPU
		{0CADA5C7-4F7E-406F-AD27-93638F0A4B98}.Release|Any CPU.ActiveCfg = Release|Any CPU
		{0CADA5C7-4F7E-406F-AD27-93638F0A4B98}.Release|Any CPU.Build.0 = Release|Any CPU
		{EE4C6506-5A0B-4807-8744-EB906F3A1CD0}.Debug|Any CPU.ActiveCfg = Debug|Any CPU
		{EE4C6506-5A0B-4807-8744-EB906F3A1CD0}.Debug|Any CPU.Build.0 = Debug|Any CPU
		{EE4C6506-5A0B-4807-8744-EB906F3A1CD0}.Release|Any CPU.ActiveCfg = Release|Any CPU
		{EE4C6506-5A0B-4807-8744-EB906F3A1CD0}.Release|Any CPU.Build.0 = Release|Any CPU
	EndGlobalSection
	GlobalSection(SolutionProperties) = preSolution
		HideSolutionNode = FALSE
	EndGlobalSection
	GlobalSection(ExtensibilityGlobals) = postSolution
		SolutionGuid = {A622B2C1-1BA1-497C-8A58-7C167E68017F}
	EndGlobalSection
EndGlobal
